
Microsoft Visual Studio Solution File, Format Version 12.00
# Visual Studio Version 16
VisualStudioVersion = 16.0.30804.86
MinimumVisualStudioVersion = 10.0.40219.1
Project("{9A19103F-16F7-4668-BE54-9A1E7A4F7556}") = "Books.API", "Books.API\Books.API.csproj", "{F84AA19A-193B-4D58-A8F0-12D609F4BDB8}"
EndProject
Project("{9A19103F-16F7-4668-BE54-9A1E7A4F7556}") = "BookCovers.API", "BookCovers.API\BookCovers.API.csproj", "{F8A3E02B-269F-471D-AA92-A6D91A6A5ECD}"
EndProject
Project("{9A19103F-16F7-4668-BE54-9A1E7A4F7556}") = "Books.Legacy", "Books.Legacy\Books.Legacy.csproj", "{666FBEAB-4863-484F-B587-0973C5B3CF99}"
EndProject
Global
	GlobalSection(SolutionConfigurationPlatforms) = preSolution
		Debug|Any CPU = Debug|Any CPU
		Release|Any CPU = Release|Any CPU
	EndGlobalSection
	GlobalSection(ProjectConfigurationPlatforms) = postSolution
		{F84AA19A-193B-4D58-A8F0-12D609F4BDB8}.Debug|Any CPU.ActiveCfg = Debug|Any CPU
		{F84AA19A-193B-4D58-A8F0-12D609F4BDB8}.Debug|Any CPU.Build.0 = Debug|Any CPU
		{F84AA19A-193B-4D58-A8F0-12D609F4BDB8}.Release|Any CPU.ActiveCfg = Release|Any CPU
		{F84AA19A-193B-4D58-A8F0-12D609F4BDB8}.Release|Any CPU.Build.0 = Release|Any CPU
		{F8A3E02B-269F-471D-AA92-A6D91A6A5ECD}.Debug|Any CPU.ActiveCfg = Debug|Any CPU
		{F8A3E02B-269F-471D-AA92-A6D91A6A5ECD}.Debug|Any CPU.Build.0 = Debug|Any CPU
		{F8A3E02B-269F-471D-AA92-A6D91A6A5ECD}.Release|Any CPU.ActiveCfg = Release|Any CPU
		{F8A3E02B-269F-471D-AA92-A6D91A6A5ECD}.Release|Any CPU.Build.0 = Release|Any CPU
		{666FBEAB-4863-484F-B587-0973C5B3CF99}.Debug|Any CPU.ActiveCfg = Debug|Any CPU
		{666FBEAB-4863-484F-B587-0973C5B3CF99}.Debug|Any CPU.Build.0 = Debug|Any CPU
		{666FBEAB-4863-484F-B587-0973C5B3CF99}.Release|Any CPU.ActiveCfg = Release|Any CPU
		{666FBEAB-4863-484F-B587-0973C5B3CF99}.Release|Any CPU.Build.0 = Release|Any CPU
	EndGlobalSection
	GlobalSection(SolutionProperties) = preSolution
		HideSolutionNode = FALSE
	EndGlobalSection
	GlobalSection(ExtensibilityGlobals) = postSolution
		SolutionGuid = {9DBA244B-8562-4C29-997D-3F4E9A67E7F9}
	EndGlobalSection
EndGlobal
