
Microsoft Visual Studio Solution File, Format Version 12.00
# Visual Studio Version 16
VisualStudioVersion = 16.0.30804.86
MinimumVisualStudioVersion = 10.0.40219.1
Project("{9A19103F-16F7-4668-BE54-9A1E7A4F7556}") = "BookCovers.API", "BookCovers.API.csproj", "{C7CEB135-6A59-4A7A-BD48-1D93D6E31032}"
EndProject
Global
	GlobalSection(SolutionConfigurationPlatforms) = preSolution
		Debug|Any CPU = Debug|Any CPU
		Release|Any CPU = Release|Any CPU
	EndGlobalSection
	GlobalSection(ProjectConfigurationPlatforms) = postSolution
		{C7CEB135-6A59-4A7A-BD48-1D93D6E31032}.Debug|Any CPU.ActiveCfg = Debug|Any CPU
		{C7CEB135-6A59-4A7A-BD48-1D93D6E31032}.Debug|Any CPU.Build.0 = Debug|Any CPU
		{C7CEB135-6A59-4A7A-BD48-1D93D6E31032}.Release|Any CPU.ActiveCfg = Release|Any CPU
		{C7CEB135-6A59-4A7A-BD48-1D93D6E31032}.Release|Any CPU.Build.0 = Release|Any CPU
	EndGlobalSection
	GlobalSection(SolutionProperties) = preSolution
		HideSolutionNode = FALSE
	EndGlobalSection
	GlobalSection(ExtensibilityGlobals) = postSolution
		SolutionGuid = {2193BAA5-3077-4483-A9F8-989DC6958FD0}
	EndGlobalSection
EndGlobal
